
Microsoft Visual Studio Solution File, Format Version 12.00
# Visual Studio 15
VisualStudioVersion = 15.0.28307.779
MinimumVisualStudioVersion = 10.0.40219.1
Project("{FAE04EC0-301F-11D3-BF4B-00C04F79EFBC}") = "OnlineDoctorsAppointmentBooking", "OnlineDoctorsAppointmentBooking\OnlineDoctorsAppointmentBooking.csproj", "{48C410F7-44E3-4CF5-8522-2308905339BB}"
EndProject
Project("{FAE04EC0-301F-11D3-BF4B-00C04F79EFBC}") = "OnlineDoctorsAppointmentBooking.Tests", "OnlineDoctorsAppointmentBooking.Tests\OnlineDoctorsAppointmentBooking.Tests.csproj", "{4CD5F40B-CD8E-4ED4-A29B-CAFA68554EE4}"
EndProject
Global
	GlobalSection(SolutionConfigurationPlatforms) = preSolution
		Debug|Any CPU = Debug|Any CPU
		Release|Any CPU = Release|Any CPU
	EndGlobalSection
	GlobalSection(ProjectConfigurationPlatforms) = postSolution
		{48C410F7-44E3-4CF5-8522-2308905339BB}.Debug|Any CPU.ActiveCfg = Debug|Any CPU
		{48C410F7-44E3-4CF5-8522-2308905339BB}.Debug|Any CPU.Build.0 = Debug|Any CPU
		{48C410F7-44E3-4CF5-8522-2308905339BB}.Release|Any CPU.ActiveCfg = Release|Any CPU
		{48C410F7-44E3-4CF5-8522-2308905339BB}.Release|Any CPU.Build.0 = Release|Any CPU
		{4CD5F40B-CD8E-4ED4-A29B-CAFA68554EE4}.Debug|Any CPU.ActiveCfg = Debug|Any CPU
		{4CD5F40B-CD8E-4ED4-A29B-CAFA68554EE4}.Debug|Any CPU.Build.0 = Debug|Any CPU
		{4CD5F40B-CD8E-4ED4-A29B-CAFA68554EE4}.Release|Any CPU.ActiveCfg = Release|Any CPU
		{4CD5F40B-CD8E-4ED4-A29B-CAFA68554EE4}.Release|Any CPU.Build.0 = Release|Any CPU
	EndGlobalSection
	GlobalSection(SolutionProperties) = preSolution
		HideSolutionNode = FALSE
	EndGlobalSection
	GlobalSection(ExtensibilityGlobals) = postSolution
		SolutionGuid = {B43BECBA-523D-4C1F-8E1C-8B0F4F128178}
	EndGlobalSection
EndGlobal
